
Microsoft Visual Studio Solution File, Format Version 12.00
# Visual Studio Version 17
VisualStudioVersion = 17.1.32228.430
MinimumVisualStudioVersion = 10.0.40219.1
Project("{FAE04EC0-301F-11D3-BF4B-00C04F79EFBC}") = "WebDev.Api", "WebDev.Api\WebDev.Api.csproj", "{1EAD6488-5D62-491C-B60D-10E03A6B0068}"
EndProject
Global
	GlobalSection(SolutionConfigurationPlatforms) = preSolution
		Debug|Any CPU = Debug|Any CPU
		Release|Any CPU = Release|Any CPU
	EndGlobalSection
	GlobalSection(ProjectConfigurationPlatforms) = postSolution
		{1EAD6488-5D62-491C-B60D-10E03A6B0068}.Debug|Any CPU.ActiveCfg = Debug|Any CPU
		{1EAD6488-5D62-491C-B60D-10E03A6B0068}.Debug|Any CPU.Build.0 = Debug|Any CPU
		{1EAD6488-5D62-491C-B60D-10E03A6B0068}.Release|Any CPU.ActiveCfg = Release|Any CPU
		{1EAD6488-5D62-491C-B60D-10E03A6B0068}.Release|Any CPU.Build.0 = Release|Any CPU
	EndGlobalSection
	GlobalSection(SolutionProperties) = preSolution
		HideSolutionNode = FALSE
	EndGlobalSection
	GlobalSection(ExtensibilityGlobals) = postSolution
		SolutionGuid = {3D3B8484-B294-4015-9B34-78E1BFD57FE5}
	EndGlobalSection
EndGlobal
