
Microsoft Visual Studio Solution File, Format Version 12.00
# Visual Studio Version 17
VisualStudioVersion = 17.1.32228.430
MinimumVisualStudioVersion = 10.0.40219.1
Project("{9A19103F-16F7-4668-BE54-9A1E7A4F7556}") = "ReminderApp.Api", "ReminderApi.Api\ReminderApp.Api.csproj", "{06BD6E91-CA93-4D4A-8634-9C6632C8935A}"
EndProject
Project("{9A19103F-16F7-4668-BE54-9A1E7A4F7556}") = "ReminderApp.Domain", "ReminderApi.Domain\ReminderApp.Domain.csproj", "{4C64C687-401E-45CA-923F-E24FD4A9D204}"
EndProject
Project("{9A19103F-16F7-4668-BE54-9A1E7A4F7556}") = "ReminderApp.Infrastructure", "ReminderApi.Infrastructure\ReminderApp.Infrastructure.csproj", "{BA4D263D-2FA5-4BB3-BE05-3678D2813886}"
EndProject
Project("{9A19103F-16F7-4668-BE54-9A1E7A4F7556}") = "ReminderApp.Application", "ReminderApi.Application\ReminderApp.Application.csproj", "{0EDEE8A5-DED1-4E5C-B54C-F025C6F32781}"
EndProject
Project("{2150E333-8FDC-42A3-9474-1A3956D46DE8}") = "Database Info", "Database Info", "{C8B1F912-B7BD-41B8-B7D0-2054646C6961}"
EndProject
Project("{2150E333-8FDC-42A3-9474-1A3956D46DE8}") = "SQL Server", "SQL Server", "{7F9067DC-3E82-4685-B215-3417C13E583C}"
	ProjectSection(SolutionItems) = preProject
		..\..\1. createTableCategories.sql = ..\..\1. createTableCategories.sql
		..\..\2. CreateTableReminders.sql = ..\..\2. CreateTableReminders.sql
		..\..\3. CategoriesInserts.sql = ..\..\3. CategoriesInserts.sql
		..\..\4. RemindersInserts.sql = ..\..\4. RemindersInserts.sql
	EndProjectSection
EndProject
Global
	GlobalSection(SolutionConfigurationPlatforms) = preSolution
		Debug|Any CPU = Debug|Any CPU
		Release|Any CPU = Release|Any CPU
	EndGlobalSection
	GlobalSection(ProjectConfigurationPlatforms) = postSolution
		{06BD6E91-CA93-4D4A-8634-9C6632C8935A}.Debug|Any CPU.ActiveCfg = Debug|Any CPU
		{06BD6E91-CA93-4D4A-8634-9C6632C8935A}.Debug|Any CPU.Build.0 = Debug|Any CPU
		{06BD6E91-CA93-4D4A-8634-9C6632C8935A}.Release|Any CPU.ActiveCfg = Release|Any CPU
		{06BD6E91-CA93-4D4A-8634-9C6632C8935A}.Release|Any CPU.Build.0 = Release|Any CPU
		{4C64C687-401E-45CA-923F-E24FD4A9D204}.Debug|Any CPU.ActiveCfg = Debug|Any CPU
		{4C64C687-401E-45CA-923F-E24FD4A9D204}.Debug|Any CPU.Build.0 = Debug|Any CPU
		{4C64C687-401E-45CA-923F-E24FD4A9D204}.Release|Any CPU.ActiveCfg = Release|Any CPU
		{4C64C687-401E-45CA-923F-E24FD4A9D204}.Release|Any CPU.Build.0 = Release|Any CPU
		{BA4D263D-2FA5-4BB3-BE05-3678D2813886}.Debug|Any CPU.ActiveCfg = Debug|Any CPU
		{BA4D263D-2FA5-4BB3-BE05-3678D2813886}.Debug|Any CPU.Build.0 = Debug|Any CPU
		{BA4D263D-2FA5-4BB3-BE05-3678D2813886}.Release|Any CPU.ActiveCfg = Release|Any CPU
		{BA4D263D-2FA5-4BB3-BE05-3678D2813886}.Release|Any CPU.Build.0 = Release|Any CPU
		{0EDEE8A5-DED1-4E5C-B54C-F025C6F32781}.Debug|Any CPU.ActiveCfg = Debug|Any CPU
		{0EDEE8A5-DED1-4E5C-B54C-F025C6F32781}.Debug|Any CPU.Build.0 = Debug|Any CPU
		{0EDEE8A5-DED1-4E5C-B54C-F025C6F32781}.Release|Any CPU.ActiveCfg = Release|Any CPU
		{0EDEE8A5-DED1-4E5C-B54C-F025C6F32781}.Release|Any CPU.Build.0 = Release|Any CPU
	EndGlobalSection
	GlobalSection(SolutionProperties) = preSolution
		HideSolutionNode = FALSE
	EndGlobalSection
	GlobalSection(NestedProjects) = preSolution
		{7F9067DC-3E82-4685-B215-3417C13E583C} = {C8B1F912-B7BD-41B8-B7D0-2054646C6961}
	EndGlobalSection
	GlobalSection(ExtensibilityGlobals) = postSolution
		SolutionGuid = {617D4812-B0DC-488C-88D7-3C039AFAC63D}
	EndGlobalSection
EndGlobal
