
Microsoft Visual Studio Solution File, Format Version 12.00
# Visual Studio Version 17
VisualStudioVersion = 17.1.32228.430
MinimumVisualStudioVersion = 10.0.40219.1
Project("{2150E333-8FDC-42A3-9474-1A3956D46DE8}") = "Api", "Api", "{D86EB56A-92B6-459A-8191-2781439408BA}"
EndProject
Project("{9A19103F-16F7-4668-BE54-9A1E7A4F7556}") = "ReminderApp.Api", "ReminderApp.Api\ReminderApp.Api.csproj", "{4AAD344C-BBE8-4807-91E5-AC7D2A19B948}"
EndProject
Project("{2150E333-8FDC-42A3-9474-1A3956D46DE8}") = "Application", "Application", "{C135AE8D-D1B3-4254-90B9-CB2B41F5D749}"
EndProject
Project("{2150E333-8FDC-42A3-9474-1A3956D46DE8}") = "Domain", "Domain", "{2882EE62-86DC-46EE-A141-8CB55D22B7F2}"
EndProject
Project("{2150E333-8FDC-42A3-9474-1A3956D46DE8}") = "Infrastucture", "Infrastucture", "{C6C252F5-F9E9-4EF9-B014-C20101C36ABC}"
EndProject
Project("{9A19103F-16F7-4668-BE54-9A1E7A4F7556}") = "ReminderApp.Application", "ReminderApp.Application\ReminderApp.Application.csproj", "{820F0B44-A8C9-4EED-A625-1107F9A907C1}"
EndProject
Project("{9A19103F-16F7-4668-BE54-9A1E7A4F7556}") = "ReminderApp.Domain", "ReminderApp.Domain\ReminderApp.Domain.csproj", "{8730A944-F471-440E-B369-17178BA177BC}"
EndProject
Project("{9A19103F-16F7-4668-BE54-9A1E7A4F7556}") = "ReminderApp.Infrastucture", "ReminderApp.Infrastucture\ReminderApp.Infrastucture.csproj", "{1C805E9F-D7BC-4ACD-B3D9-30A9DB9E0D89}"
EndProject
Global
	GlobalSection(SolutionConfigurationPlatforms) = preSolution
		Debug|Any CPU = Debug|Any CPU
		Release|Any CPU = Release|Any CPU
	EndGlobalSection
	GlobalSection(ProjectConfigurationPlatforms) = postSolution
		{4AAD344C-BBE8-4807-91E5-AC7D2A19B948}.Debug|Any CPU.ActiveCfg = Debug|Any CPU
		{4AAD344C-BBE8-4807-91E5-AC7D2A19B948}.Debug|Any CPU.Build.0 = Debug|Any CPU
		{4AAD344C-BBE8-4807-91E5-AC7D2A19B948}.Release|Any CPU.ActiveCfg = Release|Any CPU
		{4AAD344C-BBE8-4807-91E5-AC7D2A19B948}.Release|Any CPU.Build.0 = Release|Any CPU
		{820F0B44-A8C9-4EED-A625-1107F9A907C1}.Debug|Any CPU.ActiveCfg = Debug|Any CPU
		{820F0B44-A8C9-4EED-A625-1107F9A907C1}.Debug|Any CPU.Build.0 = Debug|Any CPU
		{820F0B44-A8C9-4EED-A625-1107F9A907C1}.Release|Any CPU.ActiveCfg = Release|Any CPU
		{820F0B44-A8C9-4EED-A625-1107F9A907C1}.Release|Any CPU.Build.0 = Release|Any CPU
		{8730A944-F471-440E-B369-17178BA177BC}.Debug|Any CPU.ActiveCfg = Debug|Any CPU
		{8730A944-F471-440E-B369-17178BA177BC}.Debug|Any CPU.Build.0 = Debug|Any CPU
		{8730A944-F471-440E-B369-17178BA177BC}.Release|Any CPU.ActiveCfg = Release|Any CPU
		{8730A944-F471-440E-B369-17178BA177BC}.Release|Any CPU.Build.0 = Release|Any CPU
		{1C805E9F-D7BC-4ACD-B3D9-30A9DB9E0D89}.Debug|Any CPU.ActiveCfg = Debug|Any CPU
		{1C805E9F-D7BC-4ACD-B3D9-30A9DB9E0D89}.Debug|Any CPU.Build.0 = Debug|Any CPU
		{1C805E9F-D7BC-4ACD-B3D9-30A9DB9E0D89}.Release|Any CPU.ActiveCfg = Release|Any CPU
		{1C805E9F-D7BC-4ACD-B3D9-30A9DB9E0D89}.Release|Any CPU.Build.0 = Release|Any CPU
	EndGlobalSection
	GlobalSection(SolutionProperties) = preSolution
		HideSolutionNode = FALSE
	EndGlobalSection
	GlobalSection(NestedProjects) = preSolution
		{4AAD344C-BBE8-4807-91E5-AC7D2A19B948} = {D86EB56A-92B6-459A-8191-2781439408BA}
		{820F0B44-A8C9-4EED-A625-1107F9A907C1} = {C135AE8D-D1B3-4254-90B9-CB2B41F5D749}
		{8730A944-F471-440E-B369-17178BA177BC} = {2882EE62-86DC-46EE-A141-8CB55D22B7F2}
		{1C805E9F-D7BC-4ACD-B3D9-30A9DB9E0D89} = {C6C252F5-F9E9-4EF9-B014-C20101C36ABC}
	EndGlobalSection
	GlobalSection(ExtensibilityGlobals) = postSolution
		SolutionGuid = {0F352084-D116-4CE8-9056-DD06F0D99252}
	EndGlobalSection
EndGlobal
