
Microsoft Visual Studio Solution File, Format Version 12.00
# Visual Studio Version 17
VisualStudioVersion = 17.1.32228.430
MinimumVisualStudioVersion = 10.0.40219.1
Project("{2150E333-8FDC-42A3-9474-1A3956D46DE8}") = "Api", "Api", "{27C8673F-74B7-4C8D-AB6A-BE3099B91E9B}"
EndProject
Project("{FAE04EC0-301F-11D3-BF4B-00C04F79EFBC}") = "Reminder.Api", "Reminder.Api\Reminder.Api.csproj", "{DCCFC932-D42B-4864-A13A-1EBFC9F8D1AA}"
EndProject
Project("{2150E333-8FDC-42A3-9474-1A3956D46DE8}") = "Domain", "Domain", "{35C6BDE5-1F17-4EF6-8FE5-F44D892EBDD0}"
EndProject
Project("{2150E333-8FDC-42A3-9474-1A3956D46DE8}") = "Infrastructure", "Infrastructure", "{F6D2CECF-ECA2-4E12-97B9-13906036CFF9}"
EndProject
Project("{2150E333-8FDC-42A3-9474-1A3956D46DE8}") = "Application", "Application", "{CB41747F-CF09-4959-A1DC-3305C3878DB7}"
EndProject
Project("{FAE04EC0-301F-11D3-BF4B-00C04F79EFBC}") = "Reminder.Domain", "Reminder.Domain\Reminder.Domain.csproj", "{B6F1A9D9-DD93-42B3-8A46-9EB7A42D169E}"
EndProject
Project("{FAE04EC0-301F-11D3-BF4B-00C04F79EFBC}") = "Reminder.Application", "Reminder.Application\Reminder.Application.csproj", "{F4CF7BAB-A999-4CE0-8533-0BE366D644DC}"
EndProject
Project("{FAE04EC0-301F-11D3-BF4B-00C04F79EFBC}") = "Reminder.Infrastructure", "Reminder.Infrastructure\Reminder.Infrastructure.csproj", "{6D7504EF-F473-44BE-85AE-C734296D59D0}"
EndProject
Global
	GlobalSection(SolutionConfigurationPlatforms) = preSolution
		Debug|Any CPU = Debug|Any CPU
		Release|Any CPU = Release|Any CPU
	EndGlobalSection
	GlobalSection(ProjectConfigurationPlatforms) = postSolution
		{DCCFC932-D42B-4864-A13A-1EBFC9F8D1AA}.Debug|Any CPU.ActiveCfg = Debug|Any CPU
		{DCCFC932-D42B-4864-A13A-1EBFC9F8D1AA}.Debug|Any CPU.Build.0 = Debug|Any CPU
		{DCCFC932-D42B-4864-A13A-1EBFC9F8D1AA}.Release|Any CPU.ActiveCfg = Release|Any CPU
		{DCCFC932-D42B-4864-A13A-1EBFC9F8D1AA}.Release|Any CPU.Build.0 = Release|Any CPU
		{B6F1A9D9-DD93-42B3-8A46-9EB7A42D169E}.Debug|Any CPU.ActiveCfg = Debug|Any CPU
		{B6F1A9D9-DD93-42B3-8A46-9EB7A42D169E}.Debug|Any CPU.Build.0 = Debug|Any CPU
		{B6F1A9D9-DD93-42B3-8A46-9EB7A42D169E}.Release|Any CPU.ActiveCfg = Release|Any CPU
		{B6F1A9D9-DD93-42B3-8A46-9EB7A42D169E}.Release|Any CPU.Build.0 = Release|Any CPU
		{F4CF7BAB-A999-4CE0-8533-0BE366D644DC}.Debug|Any CPU.ActiveCfg = Debug|Any CPU
		{F4CF7BAB-A999-4CE0-8533-0BE366D644DC}.Debug|Any CPU.Build.0 = Debug|Any CPU
		{F4CF7BAB-A999-4CE0-8533-0BE366D644DC}.Release|Any CPU.ActiveCfg = Release|Any CPU
		{F4CF7BAB-A999-4CE0-8533-0BE366D644DC}.Release|Any CPU.Build.0 = Release|Any CPU
		{6D7504EF-F473-44BE-85AE-C734296D59D0}.Debug|Any CPU.ActiveCfg = Debug|Any CPU
		{6D7504EF-F473-44BE-85AE-C734296D59D0}.Debug|Any CPU.Build.0 = Debug|Any CPU
		{6D7504EF-F473-44BE-85AE-C734296D59D0}.Release|Any CPU.ActiveCfg = Release|Any CPU
		{6D7504EF-F473-44BE-85AE-C734296D59D0}.Release|Any CPU.Build.0 = Release|Any CPU
	EndGlobalSection
	GlobalSection(SolutionProperties) = preSolution
		HideSolutionNode = FALSE
	EndGlobalSection
	GlobalSection(NestedProjects) = preSolution
		{DCCFC932-D42B-4864-A13A-1EBFC9F8D1AA} = {27C8673F-74B7-4C8D-AB6A-BE3099B91E9B}
		{B6F1A9D9-DD93-42B3-8A46-9EB7A42D169E} = {35C6BDE5-1F17-4EF6-8FE5-F44D892EBDD0}
		{F4CF7BAB-A999-4CE0-8533-0BE366D644DC} = {CB41747F-CF09-4959-A1DC-3305C3878DB7}
		{6D7504EF-F473-44BE-85AE-C734296D59D0} = {F6D2CECF-ECA2-4E12-97B9-13906036CFF9}
	EndGlobalSection
	GlobalSection(ExtensibilityGlobals) = postSolution
		SolutionGuid = {B99F130D-00B1-47E0-87FB-10BCA87D4C8D}
	EndGlobalSection
EndGlobal
