
Microsoft Visual Studio Solution File, Format Version 12.00
# Visual Studio Version 17
VisualStudioVersion = 17.1.32210.238
MinimumVisualStudioVersion = 10.0.40219.1
Project("{FAE04EC0-301F-11D3-BF4B-00C04F79EFBC}") = "WebDev.Api", "WebDev.Api\WebDev.Api.csproj", "{CFA158A7-974B-4D19-8716-4CF6DEDCF9FE}"
EndProject
Global
	GlobalSection(SolutionConfigurationPlatforms) = preSolution
		Debug|Any CPU = Debug|Any CPU
		Release|Any CPU = Release|Any CPU
	EndGlobalSection
	GlobalSection(ProjectConfigurationPlatforms) = postSolution
		{CFA158A7-974B-4D19-8716-4CF6DEDCF9FE}.Debug|Any CPU.ActiveCfg = Debug|Any CPU
		{CFA158A7-974B-4D19-8716-4CF6DEDCF9FE}.Debug|Any CPU.Build.0 = Debug|Any CPU
		{CFA158A7-974B-4D19-8716-4CF6DEDCF9FE}.Release|Any CPU.ActiveCfg = Release|Any CPU
		{CFA158A7-974B-4D19-8716-4CF6DEDCF9FE}.Release|Any CPU.Build.0 = Release|Any CPU
	EndGlobalSection
	GlobalSection(SolutionProperties) = preSolution
		HideSolutionNode = FALSE
	EndGlobalSection
	GlobalSection(ExtensibilityGlobals) = postSolution
		SolutionGuid = {5208AD10-8686-43DB-97B0-B5D2670CE86B}
	EndGlobalSection
EndGlobal
